# This file is automatically @generated by rotriever.
# It is not intended for manual editing.
lockfile_format_version = 3

[[package]]
name = "evaera/fabric"
version = "0.0.0"
dependencies = [
    "TestEZ roblox/testez 0a816380 git+https://github.com/roblox/testez#master",
    "t osyris/t d4294924 git+https://github.com/roblox/t#master",
]

[[package]]
name = "osyris/t"
version = "1.2.5"
source = "git+https://github.com/roblox/t#master"
commit = "d42949248d50c13bf71188649695b6bb5493d6a5"

[[package]]
name = "roblox/testez"
version = "0.3.2"
source = "git+https://github.com/roblox/testez#master"
commit = "0a8163801a0842ecc24301457ea167ed1209fedc"
